// !$*UTF8*$!
{
	archiveVersion = 1;
	classes = {
	};
	objectVersion = 55;
	objects = {

/* Begin PBXBuildFile section */
		310A6E5E28797B45005A9E6A /* SecondViewController.swift in Sources */ = {isa = PBXBuildFile; fileRef = 310A6E5D28797B45005A9E6A /* SecondViewController.swift */; };
		310A6E6028797B4E005A9E6A /* ThirdViewController.swift in Sources */ = {isa = PBXBuildFile; fileRef = 310A6E5F28797B4E005A9E6A /* ThirdViewController.swift */; };
		310A6E6228797B93005A9E6A /* TabBarViewController.swift in Sources */ = {isa = PBXBuildFile; fileRef = 310A6E6128797B93005A9E6A /* TabBarViewController.swift */; };
		310B009F287832A400A3BC17 /* AppDelegate.swift in Sources */ = {isa = PBXBuildFile; fileRef = 310B009E287832A400A3BC17 /* AppDelegate.swift */; };
		310B00A1287832A400A3BC17 /* SceneDelegate.swift in Sources */ = {isa = PBXBuildFile; fileRef = 310B00A0287832A400A3BC17 /* SceneDelegate.swift */; };
		310B00A3287832A400A3BC17 /* FirstViewController.swift in Sources */ = {isa = PBXBuildFile; fileRef = 310B00A2287832A400A3BC17 /* FirstViewController.swift */; };
		310B00A8287832A500A3BC17 /* Assets.xcassets in Resources */ = {isa = PBXBuildFile; fileRef = 310B00A7287832A500A3BC17 /* Assets.xcassets */; };
		310B00AB287832A500A3BC17 /* LaunchScreen.storyboard in Resources */ = {isa = PBXBuildFile; fileRef = 310B00A9287832A500A3BC17 /* LaunchScreen.storyboard */; };
		310B00B52878330400A3BC17 /* Model.swift in Sources */ = {isa = PBXBuildFile; fileRef = 310B00B42878330400A3BC17 /* Model.swift */; };
		31516015287C16B000041653 /* CategoryCell.swift in Sources */ = {isa = PBXBuildFile; fileRef = 31516014287C16B000041653 /* CategoryCell.swift */; };
		317BDFC52879945000E1CF0F /* Charts in Frameworks */ = {isa = PBXBuildFile; productRef = 317BDFC42879945000E1CF0F /* Charts */; };
		644BB6942878448200FDAC0D /* MyBankViewController.swift in Sources */ = {isa = PBXBuildFile; fileRef = 644BB6932878448200FDAC0D /* MyBankViewController.swift */; };
		644BB69628785F4900FDAC0D /* InfoView.swift in Sources */ = {isa = PBXBuildFile; fileRef = 644BB69528785F4900FDAC0D /* InfoView.swift */; };
		644BB6982878799100FDAC0D /* MyBankScrollView.swift in Sources */ = {isa = PBXBuildFile; fileRef = 644BB6972878799100FDAC0D /* MyBankScrollView.swift */; };
/* End PBXBuildFile section */

/* Begin PBXFileReference section */
		310A6E5D28797B45005A9E6A /* SecondViewController.swift */ = {isa = PBXFileReference; lastKnownFileType = sourcecode.swift; path = SecondViewController.swift; sourceTree = "<group>"; };
		310A6E5F28797B4E005A9E6A /* ThirdViewController.swift */ = {isa = PBXFileReference; lastKnownFileType = sourcecode.swift; path = ThirdViewController.swift; sourceTree = "<group>"; };
		310A6E6128797B93005A9E6A /* TabBarViewController.swift */ = {isa = PBXFileReference; lastKnownFileType = sourcecode.swift; path = TabBarViewController.swift; sourceTree = "<group>"; };
		310B009B287832A400A3BC17 /* BudgetingApp.app */ = {isa = PBXFileReference; explicitFileType = wrapper.application; includeInIndex = 0; path = BudgetingApp.app; sourceTree = BUILT_PRODUCTS_DIR; };
		310B009E287832A400A3BC17 /* AppDelegate.swift */ = {isa = PBXFileReference; lastKnownFileType = sourcecode.swift; path = AppDelegate.swift; sourceTree = "<group>"; };
		310B00A0287832A400A3BC17 /* SceneDelegate.swift */ = {isa = PBXFileReference; lastKnownFileType = sourcecode.swift; path = SceneDelegate.swift; sourceTree = "<group>"; };
		310B00A2287832A400A3BC17 /* FirstViewController.swift */ = {isa = PBXFileReference; lastKnownFileType = sourcecode.swift; path = FirstViewController.swift; sourceTree = "<group>"; };
		310B00A7287832A500A3BC17 /* Assets.xcassets */ = {isa = PBXFileReference; lastKnownFileType = folder.assetcatalog; path = Assets.xcassets; sourceTree = "<group>"; };
		310B00AA287832A500A3BC17 /* Base */ = {isa = PBXFileReference; lastKnownFileType = file.storyboard; name = Base; path = Base.lproj/LaunchScreen.storyboard; sourceTree = "<group>"; };
		310B00AC287832A500A3BC17 /* Info.plist */ = {isa = PBXFileReference; lastKnownFileType = text.plist.xml; path = Info.plist; sourceTree = "<group>"; };
		310B00B42878330400A3BC17 /* Model.swift */ = {isa = PBXFileReference; lastKnownFileType = sourcecode.swift; path = Model.swift; sourceTree = "<group>"; };
		31516014287C16B000041653 /* CategoryCell.swift */ = {isa = PBXFileReference; lastKnownFileType = sourcecode.swift; path = CategoryCell.swift; sourceTree = "<group>"; };
		644BB6932878448200FDAC0D /* MyBankViewController.swift */ = {isa = PBXFileReference; lastKnownFileType = sourcecode.swift; path = MyBankViewController.swift; sourceTree = "<group>"; };
		644BB69528785F4900FDAC0D /* InfoView.swift */ = {isa = PBXFileReference; lastKnownFileType = sourcecode.swift; path = InfoView.swift; sourceTree = "<group>"; };
		644BB6972878799100FDAC0D /* MyBankScrollView.swift */ = {isa = PBXFileReference; lastKnownFileType = sourcecode.swift; path = MyBankScrollView.swift; sourceTree = "<group>"; };
/* End PBXFileReference section */

/* Begin PBXFrameworksBuildPhase section */
		310B0098287832A400A3BC17 /* Frameworks */ = {
			isa = PBXFrameworksBuildPhase;
			buildActionMask = 2147483647;
			files = (
				317BDFC52879945000E1CF0F /* Charts in Frameworks */,
			);
			runOnlyForDeploymentPostprocessing = 0;
		};
/* End PBXFrameworksBuildPhase section */

/* Begin PBXGroup section */
		310B0092287832A400A3BC17 = {
			isa = PBXGroup;
			children = (
				310B009D287832A400A3BC17 /* BudgetingApp */,
				310B009C287832A400A3BC17 /* Products */,
			);
			sourceTree = "<group>";
		};
		310B009C287832A400A3BC17 /* Products */ = {
			isa = PBXGroup;
			children = (
				310B009B287832A400A3BC17 /* BudgetingApp.app */,
			);
			name = Products;
			sourceTree = "<group>";
		};
		310B009D287832A400A3BC17 /* BudgetingApp */ = {
			isa = PBXGroup;
			children = (
				310B00B2287832B900A3BC17 /* Supporting Files */,
				310B00B62878330D00A3BC17 /* Model */,
				310B00B72878332A00A3BC17 /* View */,
				310B00B3287832C900A3BC17 /* Controller */,
				310B00A7287832A500A3BC17 /* Assets.xcassets */,
				310B00AC287832A500A3BC17 /* Info.plist */,
			);
			path = BudgetingApp;
			sourceTree = "<group>";
		};
		310B00B2287832B900A3BC17 /* Supporting Files */ = {
			isa = PBXGroup;
			children = (
				310B009E287832A400A3BC17 /* AppDelegate.swift */,
				310B00A0287832A400A3BC17 /* SceneDelegate.swift */,
			);
			path = "Supporting Files";
			sourceTree = "<group>";
		};
		310B00B3287832C900A3BC17 /* Controller */ = {
			isa = PBXGroup;
			children = (
				644BB6932878448200FDAC0D /* MyBankViewController.swift */,
				310A6E6128797B93005A9E6A /* TabBarViewController.swift */,
				310B00A2287832A400A3BC17 /* FirstViewController.swift */,
				310A6E5D28797B45005A9E6A /* SecondViewController.swift */,
				310A6E5F28797B4E005A9E6A /* ThirdViewController.swift */,
			);
			path = Controller;
			sourceTree = "<group>";
		};
		310B00B62878330D00A3BC17 /* Model */ = {
			isa = PBXGroup;
			children = (
				310B00B42878330400A3BC17 /* Model.swift */,
			);
			path = Model;
			sourceTree = "<group>";
		};
		310B00B72878332A00A3BC17 /* View */ = {
			isa = PBXGroup;
			children = (
				31516014287C16B000041653 /* CategoryCell.swift */,
				644BB69528785F4900FDAC0D /* InfoView.swift */,
				644BB6972878799100FDAC0D /* MyBankScrollView.swift */,
				310B00A9287832A500A3BC17 /* LaunchScreen.storyboard */,
			);
			path = View;
			sourceTree = "<group>";
		};
/* End PBXGroup section */

/* Begin PBXNativeTarget section */
		310B009A287832A400A3BC17 /* BudgetingApp */ = {
			isa = PBXNativeTarget;
			buildConfigurationList = 310B00AF287832A500A3BC17 /* Build configuration list for PBXNativeTarget "BudgetingApp" */;
			buildPhases = (
				310B0097287832A400A3BC17 /* Sources */,
				310B0098287832A400A3BC17 /* Frameworks */,
				310B0099287832A400A3BC17 /* Resources */,
			);
			buildRules = (
			);
			dependencies = (
			);
			name = BudgetingApp;
			packageProductDependencies = (
				317BDFC42879945000E1CF0F /* Charts */,
			);
			productName = BudgetingApp;
			productReference = 310B009B287832A400A3BC17 /* BudgetingApp.app */;
			productType = "com.apple.product-type.application";
		};
/* End PBXNativeTarget section */

/* Begin PBXProject section */
		310B0093287832A400A3BC17 /* Project object */ = {
			isa = PBXProject;
			attributes = {
				BuildIndependentTargetsInParallel = 1;
				LastSwiftUpdateCheck = 1330;
				LastUpgradeCheck = 1330;
				TargetAttributes = {
					310B009A287832A400A3BC17 = {
						CreatedOnToolsVersion = 13.3.1;
					};
				};
			};
			buildConfigurationList = 310B0096287832A400A3BC17 /* Build configuration list for PBXProject "BudgetingApp" */;
			compatibilityVersion = "Xcode 13.0";
			developmentRegion = en;
			hasScannedForEncodings = 0;
			knownRegions = (
				en,
				Base,
			);
			mainGroup = 310B0092287832A400A3BC17;
			packageReferences = (
				317BDFC32879945000E1CF0F /* XCRemoteSwiftPackageReference "Charts" */,
			);
			productRefGroup = 310B009C287832A400A3BC17 /* Products */;
			projectDirPath = "";
			projectRoot = "";
			targets = (
				310B009A287832A400A3BC17 /* BudgetingApp */,
			);
		};
/* End PBXProject section */

/* Begin PBXResourcesBuildPhase section */
		310B0099287832A400A3BC17 /* Resources */ = {
			isa = PBXResourcesBuildPhase;
			buildActionMask = 2147483647;
			files = (
				310B00AB287832A500A3BC17 /* LaunchScreen.storyboard in Resources */,
				310B00A8287832A500A3BC17 /* Assets.xcassets in Resources */,
			);
			runOnlyForDeploymentPostprocessing = 0;
		};
/* End PBXResourcesBuildPhase section */

/* Begin PBXSourcesBuildPhase section */
		310B0097287832A400A3BC17 /* Sources */ = {
			isa = PBXSourcesBuildPhase;
			buildActionMask = 2147483647;
			files = (
				310A6E5E28797B45005A9E6A /* SecondViewController.swift in Sources */,
				310A6E6028797B4E005A9E6A /* ThirdViewController.swift in Sources */,
				310B00A3287832A400A3BC17 /* FirstViewController.swift in Sources */,
				310B009F287832A400A3BC17 /* AppDelegate.swift in Sources */,
				310B00A1287832A400A3BC17 /* SceneDelegate.swift in Sources */,
				644BB6942878448200FDAC0D /* MyBankViewController.swift in Sources */,
				644BB69628785F4900FDAC0D /* InfoView.swift in Sources */,
				310B00B52878330400A3BC17 /* Model.swift in Sources */,
				310A6E6228797B93005A9E6A /* TabBarViewController.swift in Sources */,
				644BB6982878799100FDAC0D /* MyBankScrollView.swift in Sources */,
				31516015287C16B000041653 /* CategoryCell.swift in Sources */,
			);
			runOnlyForDeploymentPostprocessing = 0;
		};
/* End PBXSourcesBuildPhase section */

/* Begin PBXVariantGroup section */
		310B00A9287832A500A3BC17 /* LaunchScreen.storyboard */ = {
			isa = PBXVariantGroup;
			children = (
				310B00AA287832A500A3BC17 /* Base */,
			);
			name = LaunchScreen.storyboard;
			sourceTree = "<group>";
		};
/* End PBXVariantGroup section */

/* Begin XCBuildConfiguration section */
		310B00AD287832A500A3BC17 /* Debug */ = {
			isa = XCBuildConfiguration;
			buildSettings = {
				ALWAYS_SEARCH_USER_PATHS = NO;
				CLANG_ANALYZER_NONNULL = YES;
				CLANG_ANALYZER_NUMBER_OBJECT_CONVERSION = YES_AGGRESSIVE;
				CLANG_CXX_LANGUAGE_STANDARD = "gnu++17";
				CLANG_ENABLE_MODULES = YES;
				CLANG_ENABLE_OBJC_ARC = YES;
				CLANG_ENABLE_OBJC_WEAK = YES;
				CLANG_WARN_BLOCK_CAPTURE_AUTORELEASING = YES;
				CLANG_WARN_BOOL_CONVERSION = YES;
				CLANG_WARN_COMMA = YES;
				CLANG_WARN_CONSTANT_CONVERSION = YES;
				CLANG_WARN_DEPRECATED_OBJC_IMPLEMENTATIONS = YES;
				CLANG_WARN_DIRECT_OBJC_ISA_USAGE = YES_ERROR;
				CLANG_WARN_DOCUMENTATION_COMMENTS = YES;
				CLANG_WARN_EMPTY_BODY = YES;
				CLANG_WARN_ENUM_CONVERSION = YES;
				CLANG_WARN_INFINITE_RECURSION = YES;
				CLANG_WARN_INT_CONVERSION = YES;
				CLANG_WARN_NON_LITERAL_NULL_CONVERSION = YES;
				CLANG_WARN_OBJC_IMPLICIT_RETAIN_SELF = YES;
				CLANG_WARN_OBJC_LITERAL_CONVERSION = YES;
				CLANG_WARN_OBJC_ROOT_CLASS = YES_ERROR;
				CLANG_WARN_QUOTED_INCLUDE_IN_FRAMEWORK_HEADER = YES;
				CLANG_WARN_RANGE_LOOP_ANALYSIS = YES;
				CLANG_WARN_STRICT_PROTOTYPES = YES;
				CLANG_WARN_SUSPICIOUS_MOVE = YES;
				CLANG_WARN_UNGUARDED_AVAILABILITY = YES_AGGRESSIVE;
				CLANG_WARN_UNREACHABLE_CODE = YES;
				CLANG_WARN__DUPLICATE_METHOD_MATCH = YES;
				COPY_PHASE_STRIP = NO;
				DEBUG_INFORMATION_FORMAT = dwarf;
				ENABLE_STRICT_OBJC_MSGSEND = YES;
				ENABLE_TESTABILITY = YES;
				GCC_C_LANGUAGE_STANDARD = gnu11;
				GCC_DYNAMIC_NO_PIC = NO;
				GCC_NO_COMMON_BLOCKS = YES;
				GCC_OPTIMIZATION_LEVEL = 0;
				GCC_PREPROCESSOR_DEFINITIONS = (
					"DEBUG=1",
					"$(inherited)",
				);
				GCC_WARN_64_TO_32_BIT_CONVERSION = YES;
				GCC_WARN_ABOUT_RETURN_TYPE = YES_ERROR;
				GCC_WARN_UNDECLARED_SELECTOR = YES;
				GCC_WARN_UNINITIALIZED_AUTOS = YES_AGGRESSIVE;
				GCC_WARN_UNUSED_FUNCTION = YES;
				GCC_WARN_UNUSED_VARIABLE = YES;
				IPHONEOS_DEPLOYMENT_TARGET = 15.4;
				MTL_ENABLE_DEBUG_INFO = INCLUDE_SOURCE;
				MTL_FAST_MATH = YES;
				ONLY_ACTIVE_ARCH = YES;
				SDKROOT = iphoneos;
				SWIFT_ACTIVE_COMPILATION_CONDITIONS = DEBUG;
				SWIFT_OPTIMIZATION_LEVEL = "-Onone";
			};
			name = Debug;
		};
		310B00AE287832A500A3BC17 /* Release */ = {
			isa = XCBuildConfiguration;
			buildSettings = {
				ALWAYS_SEARCH_USER_PATHS = NO;
				CLANG_ANALYZER_NONNULL = YES;
				CLANG_ANALYZER_NUMBER_OBJECT_CONVERSION = YES_AGGRESSIVE;
				CLANG_CXX_LANGUAGE_STANDARD = "gnu++17";
				CLANG_ENABLE_MODULES = YES;
				CLANG_ENABLE_OBJC_ARC = YES;
				CLANG_ENABLE_OBJC_WEAK = YES;
				CLANG_WARN_BLOCK_CAPTURE_AUTORELEASING = YES;
				CLANG_WARN_BOOL_CONVERSION = YES;
				CLANG_WARN_COMMA = YES;
				CLANG_WARN_CONSTANT_CONVERSION = YES;
				CLANG_WARN_DEPRECATED_OBJC_IMPLEMENTATIONS = YES;
				CLANG_WARN_DIRECT_OBJC_ISA_USAGE = YES_ERROR;
				CLANG_WARN_DOCUMENTATION_COMMENTS = YES;
				CLANG_WARN_EMPTY_BODY = YES;
				CLANG_WARN_ENUM_CONVERSION = YES;
				CLANG_WARN_INFINITE_RECURSION = YES;
				CLANG_WARN_INT_CONVERSION = YES;
				CLANG_WARN_NON_LITERAL_NULL_CONVERSION = YES;
				CLANG_WARN_OBJC_IMPLICIT_RETAIN_SELF = YES;
				CLANG_WARN_OBJC_LITERAL_CONVERSION = YES;
				CLANG_WARN_OBJC_ROOT_CLASS = YES_ERROR;
				CLANG_WARN_QUOTED_INCLUDE_IN_FRAMEWORK_HEADER = YES;
				CLANG_WARN_RANGE_LOOP_ANALYSIS = YES;
				CLANG_WARN_STRICT_PROTOTYPES = YES;
				CLANG_WARN_SUSPICIOUS_MOVE = YES;
				CLANG_WARN_UNGUARDED_AVAILABILITY = YES_AGGRESSIVE;
				CLANG_WARN_UNREACHABLE_CODE = YES;
				CLANG_WARN__DUPLICATE_METHOD_MATCH = YES;
				COPY_PHASE_STRIP = NO;
				DEBUG_INFORMATION_FORMAT = "dwarf-with-dsym";
				ENABLE_NS_ASSERTIONS = NO;
				ENABLE_STRICT_OBJC_MSGSEND = YES;
				GCC_C_LANGUAGE_STANDARD = gnu11;
				GCC_NO_COMMON_BLOCKS = YES;
				GCC_WARN_64_TO_32_BIT_CONVERSION = YES;
				GCC_WARN_ABOUT_RETURN_TYPE = YES_ERROR;
				GCC_WARN_UNDECLARED_SELECTOR = YES;
				GCC_WARN_UNINITIALIZED_AUTOS = YES_AGGRESSIVE;
				GCC_WARN_UNUSED_FUNCTION = YES;
				GCC_WARN_UNUSED_VARIABLE = YES;
				IPHONEOS_DEPLOYMENT_TARGET = 15.4;
				MTL_ENABLE_DEBUG_INFO = NO;
				MTL_FAST_MATH = YES;
				SDKROOT = iphoneos;
				SWIFT_COMPILATION_MODE = wholemodule;
				SWIFT_OPTIMIZATION_LEVEL = "-O";
				VALIDATE_PRODUCT = YES;
			};
			name = Release;
		};
		310B00B0287832A500A3BC17 /* Debug */ = {
			isa = XCBuildConfiguration;
			buildSettings = {
				ASSETCATALOG_COMPILER_APPICON_NAME = AppIcon;
				ASSETCATALOG_COMPILER_GLOBAL_ACCENT_COLOR_NAME = AccentColor;
				CODE_SIGN_STYLE = Automatic;
				CURRENT_PROJECT_VERSION = 1;
				GENERATE_INFOPLIST_FILE = YES;
				INFOPLIST_FILE = BudgetingApp/Info.plist;
				INFOPLIST_KEY_UIApplicationSupportsIndirectInputEvents = YES;
				INFOPLIST_KEY_UILaunchStoryboardName = LaunchScreen;
				INFOPLIST_KEY_UISupportedInterfaceOrientations_iPad = "UIInterfaceOrientationPortrait UIInterfaceOrientationPortraitUpsideDown UIInterfaceOrientationLandscapeLeft UIInterfaceOrientationLandscapeRight";
				INFOPLIST_KEY_UISupportedInterfaceOrientations_iPhone = "UIInterfaceOrientationPortrait UIInterfaceOrientationLandscapeLeft UIInterfaceOrientationLandscapeRight";
				IPHONEOS_DEPLOYMENT_TARGET = 15.2;
				LD_RUNPATH_SEARCH_PATHS = (
					"$(inherited)",
					"@executable_path/Frameworks",
				);
				MARKETING_VERSION = 1.0;
				PRODUCT_BUNDLE_IDENTIFIER = com.olzhassb.BudgetingApp;
				PRODUCT_NAME = "$(TARGET_NAME)";
				SWIFT_EMIT_LOC_STRINGS = YES;
				SWIFT_VERSION = 5.0;
				TARGETED_DEVICE_FAMILY = 1;
			};
			name = Debug;
		};
		310B00B1287832A500A3BC17 /* Release */ = {
			isa = XCBuildConfiguration;
			buildSettings = {
				ASSETCATALOG_COMPILER_APPICON_NAME = AppIcon;
				ASSETCATALOG_COMPILER_GLOBAL_ACCENT_COLOR_NAME = AccentColor;
				CODE_SIGN_STYLE = Automatic;
				CURRENT_PROJECT_VERSION = 1;
				GENERATE_INFOPLIST_FILE = YES;
				INFOPLIST_FILE = BudgetingApp/Info.plist;
				INFOPLIST_KEY_UIApplicationSupportsIndirectInputEvents = YES;
				INFOPLIST_KEY_UILaunchStoryboardName = LaunchScreen;
				INFOPLIST_KEY_UISupportedInterfaceOrientations_iPad = "UIInterfaceOrientationPortrait UIInterfaceOrientationPortraitUpsideDown UIInterfaceOrientationLandscapeLeft UIInterfaceOrientationLandscapeRight";
				INFOPLIST_KEY_UISupportedInterfaceOrientations_iPhone = "UIInterfaceOrientationPortrait UIInterfaceOrientationLandscapeLeft UIInterfaceOrientationLandscapeRight";
				IPHONEOS_DEPLOYMENT_TARGET = 15.2;
				LD_RUNPATH_SEARCH_PATHS = (
					"$(inherited)",
					"@executable_path/Frameworks",
				);
				MARKETING_VERSION = 1.0;
				PRODUCT_BUNDLE_IDENTIFIER = com.olzhassb.BudgetingApp;
				PRODUCT_NAME = "$(TARGET_NAME)";
				SWIFT_EMIT_LOC_STRINGS = YES;
				SWIFT_VERSION = 5.0;
				TARGETED_DEVICE_FAMILY = 1;
			};
			name = Release;
		};
/* End XCBuildConfiguration section */

/* Begin XCConfigurationList section */
		310B0096287832A400A3BC17 /* Build configuration list for PBXProject "BudgetingApp" */ = {
			isa = XCConfigurationList;
			buildConfigurations = (
				310B00AD287832A500A3BC17 /* Debug */,
				310B00AE287832A500A3BC17 /* Release */,
			);
			defaultConfigurationIsVisible = 0;
			defaultConfigurationName = Release;
		};
		310B00AF287832A500A3BC17 /* Build configuration list for PBXNativeTarget "BudgetingApp" */ = {
			isa = XCConfigurationList;
			buildConfigurations = (
				310B00B0287832A500A3BC17 /* Debug */,
				310B00B1287832A500A3BC17 /* Release */,
			);
			defaultConfigurationIsVisible = 0;
			defaultConfigurationName = Release;
		};
/* End XCConfigurationList section */

/* Begin XCRemoteSwiftPackageReference section */
		317BDFC32879945000E1CF0F /* XCRemoteSwiftPackageReference "Charts" */ = {
			isa = XCRemoteSwiftPackageReference;
			repositoryURL = "https://github.com/danielgindi/Charts.git";
			requirement = {
				kind = upToNextMajorVersion;
				minimumVersion = 3.0.0;
			};
		};
/* End XCRemoteSwiftPackageReference section */

/* Begin XCSwiftPackageProductDependency section */
		317BDFC42879945000E1CF0F /* Charts */ = {
			isa = XCSwiftPackageProductDependency;
			package = 317BDFC32879945000E1CF0F /* XCRemoteSwiftPackageReference "Charts" */;
			productName = Charts;
		};
/* End XCSwiftPackageProductDependency section */
	};
	rootObject = 310B0093287832A400A3BC17 /* Project object */;
}
